
Microsoft Visual Studio Solution File, Format Version 12.00
# Visual Studio Version 17
VisualStudioVersion = 17.8.34330.188
MinimumVisualStudioVersion = 10.0.40219.1
Project("{9A19103F-16F7-4668-BE54-9A1E7A4F7556}") = "bsdoc", "bsdoc\bsdoc.csproj", "{B7352466-C6DD-4D66-B125-39774D85459C}"
EndProject
Project("{9A19103F-16F7-4668-BE54-9A1E7A4F7556}") = "test", "test\test.csproj", "{57B02312-191F-489E-BD46-5079CF8D9DFD}"
EndProject
Global
	GlobalSection(SolutionConfigurationPlatforms) = preSolution
		Debug|Any CPU = Debug|Any CPU
		Release|Any CPU = Release|Any CPU
	EndGlobalSection
	GlobalSection(ProjectConfigurationPlatforms) = postSolution
		{B7352466-C6DD-4D66-B125-39774D85459C}.Debug|Any CPU.ActiveCfg = Debug|Any CPU
		{B7352466-C6DD-4D66-B125-39774D85459C}.Debug|Any CPU.Build.0 = Debug|Any CPU
		{B7352466-C6DD-4D66-B125-39774D85459C}.Release|Any CPU.ActiveCfg = Release|Any CPU
		{B7352466-C6DD-4D66-B125-39774D85459C}.Release|Any CPU.Build.0 = Release|Any CPU
		{57B02312-191F-489E-BD46-5079CF8D9DFD}.Debug|Any CPU.ActiveCfg = Debug|Any CPU
		{57B02312-191F-489E-BD46-5079CF8D9DFD}.Debug|Any CPU.Build.0 = Debug|Any CPU
		{57B02312-191F-489E-BD46-5079CF8D9DFD}.Release|Any CPU.ActiveCfg = Release|Any CPU
		{57B02312-191F-489E-BD46-5079CF8D9DFD}.Release|Any CPU.Build.0 = Release|Any CPU
	EndGlobalSection
	GlobalSection(SolutionProperties) = preSolution
		HideSolutionNode = FALSE
	EndGlobalSection
	GlobalSection(ExtensibilityGlobals) = postSolution
		SolutionGuid = {DCE7677A-47BF-412A-AA9C-D9CAC57455D2}
	EndGlobalSection
EndGlobal
